
Microsoft Visual Studio Solution File, Format Version 12.00
# Visual Studio 14
VisualStudioVersion = 14.0.25420.1
MinimumVisualStudioVersion = 10.0.40219.1
Project("{FAE04EC0-301F-11D3-BF4B-00C04F79EFBC}") = "DR Downloader DEMO", "DR Downloader DEMO\DR Downloader DEMO.csproj", "{D704DF30-479D-4E59-9E40-65F417A8C7B1}"
EndProject
Project("{FAE04EC0-301F-11D3-BF4B-00C04F79EFBC}") = "Downloader", "Downloader\Downloader.csproj", "{26000D37-22F1-468F-9897-241ACD709818}"
EndProject
Global
	GlobalSection(SolutionConfigurationPlatforms) = preSolution
		Debug|Any CPU = Debug|Any CPU
		Release|Any CPU = Release|Any CPU
	EndGlobalSection
	GlobalSection(ProjectConfigurationPlatforms) = postSolution
		{D704DF30-479D-4E59-9E40-65F417A8C7B1}.Debug|Any CPU.ActiveCfg = Debug|Any CPU
		{D704DF30-479D-4E59-9E40-65F417A8C7B1}.Debug|Any CPU.Build.0 = Debug|Any CPU
		{D704DF30-479D-4E59-9E40-65F417A8C7B1}.Release|Any CPU.ActiveCfg = Release|Any CPU
		{D704DF30-479D-4E59-9E40-65F417A8C7B1}.Release|Any CPU.Build.0 = Release|Any CPU
		{26000D37-22F1-468F-9897-241ACD709818}.Debug|Any CPU.ActiveCfg = Debug|Any CPU
		{26000D37-22F1-468F-9897-241ACD709818}.Debug|Any CPU.Build.0 = Debug|Any CPU
		{26000D37-22F1-468F-9897-241ACD709818}.Release|Any CPU.ActiveCfg = Release|Any CPU
		{26000D37-22F1-468F-9897-241ACD709818}.Release|Any CPU.Build.0 = Release|Any CPU
	EndGlobalSection
	GlobalSection(SolutionProperties) = preSolution
		HideSolutionNode = FALSE
	EndGlobalSection
	GlobalSection(TeamFoundationVersionControl) = preSolution
		SccNumberOfProjects = 3
		SccEnterpriseProvider = {4CA58AB2-18FA-4F8D-95D4-32DDF27D184C}
		SccTeamFoundationServer = https://borrisholt.visualstudio.com/
		SccLocalPath0 = .
		SccProjectUniqueName1 = Downloader\\Downloader.csproj
		SccProjectName1 = Downloader
		SccLocalPath1 = Downloader
		SccProjectUniqueName2 = DR\u0020Downloader\u0020DEMO\\DR\u0020Downloader\u0020DEMO.csproj
		SccProjectName2 = DR\u0020Downloader\u0020DEMO
		SccLocalPath2 = DR\u0020Downloader\u0020DEMO
	EndGlobalSection
EndGlobal
